
Microsoft Visual Studio Solution File, Format Version 12.00
# Visual Studio Version 17
VisualStudioVersion = 17.0.31912.275
MinimumVisualStudioVersion = 10.0.40219.1
Project("{FAE04EC0-301F-11D3-BF4B-00C04F79EFBC}") = "propery2", "propery2.csproj", "{3752B66B-B717-44C2-A62D-8088EB621F8A}"
EndProject
Global
	GlobalSection(SolutionConfigurationPlatforms) = preSolution
		Debug|Any CPU = Debug|Any CPU
		Release|Any CPU = Release|Any CPU
	EndGlobalSection
	GlobalSection(ProjectConfigurationPlatforms) = postSolution
		{3752B66B-B717-44C2-A62D-8088EB621F8A}.Debug|Any CPU.ActiveCfg = Debug|Any CPU
		{3752B66B-B717-44C2-A62D-8088EB621F8A}.Debug|Any CPU.Build.0 = Debug|Any CPU
		{3752B66B-B717-44C2-A62D-8088EB621F8A}.Release|Any CPU.ActiveCfg = Release|Any CPU
		{3752B66B-B717-44C2-A62D-8088EB621F8A}.Release|Any CPU.Build.0 = Release|Any CPU
	EndGlobalSection
	GlobalSection(SolutionProperties) = preSolution
		HideSolutionNode = FALSE
	EndGlobalSection
	GlobalSection(ExtensibilityGlobals) = postSolution
		SolutionGuid = {5720B5DC-C224-4A77-9EB6-785450B2F20C}
	EndGlobalSection
EndGlobal
